{
  "lockfileVersion": 2,
  "configVersion": 1,
  "workspaces": {
    "": {
      "name": "public",
      "dependencies": {
        "@fontsource-variable/jetbrains-mono": "^5.3.0",
        "@tabler/icons": "^3.48.0",
      },
    },
  },
  "packages": {
    "@fontsource-variable/jetbrains-mono": ["@fontsource-variable/jetbrains-mono@5.3.0", "", {}, "sha512-F32xpS2NsGYoQi2ADSkKTgpJj7ozajsGgDJ8woTnqjmIB+dxDIqImjl4pXZVEExu8UFZ2ndhmX18EBS/hdz3Lw=="],

    "@tabler/icons": ["@tabler/icons@3.48.0", "", {}, "sha512-lQk06gVHNVBnJp0UOgtth54mcZBJM7rdYKsAxKOProj1bbSAx+/xiuOWfHlyvgdL3M+Y+I0HINrjHa3ygp8eXQ=="],
  }
}
